
Microsoft Visual Studio Solution File, Format Version 12.00
# Visual Studio Version 16
VisualStudioVersion = 16.0.30914.41
MinimumVisualStudioVersion = 10.0.40219.1
Project("{9A19103F-16F7-4668-BE54-9A1E7A4F7556}") = "E13.Sample.Domain", "src\E13.Sample.Domain\E13.Sample.Domain.csproj", "{BC8040AC-1F16-425F-BA9C-97AE85512328}"
EndProject
Project("{2150E333-8FDC-42A3-9474-1A3956D46DE8}") = "test", "test", "{1D087FD8-7362-42E8-91F7-8E760933F2FD}"
EndProject
Project("{9A19103F-16F7-4668-BE54-9A1E7A4F7556}") = "E13.Sample.Domain.Tests", "test\E13.Sample.Domain.Tests\E13.Sample.Domain.Tests.csproj", "{87016E6C-09FF-471D-9650-35965679AECE}"
EndProject
Project("{9A19103F-16F7-4668-BE54-9A1E7A4F7556}") = "E13.Sample.Data", "src\E13.Sample.Data\E13.Sample.Data.csproj", "{93285F5F-CF1F-4A36-978B-C5ADF0BCEE74}"
EndProject
Project("{9A19103F-16F7-4668-BE54-9A1E7A4F7556}") = "E13.Sample.Api", "src\E13.Sample.Api\E13.Sample.Api.csproj", "{F70A21EE-46D7-4AC2-827A-12F856B35E24}"
EndProject
Project("{9A19103F-16F7-4668-BE54-9A1E7A4F7556}") = "E13.Sample.Data.Tests", "test\E13.Sample.Data.Tests\E13.Sample.Data.Tests.csproj", "{823D7BFF-5D5B-4BBD-9579-6DD6BDFDE6F6}"
EndProject
Project("{9A19103F-16F7-4668-BE54-9A1E7A4F7556}") = "E13.Sample.Logic", "src\E13.Sample.Logic\E13.Sample.Logic.csproj", "{3D20A056-E80E-4C31-831C-ABB4901C6383}"
EndProject
Project("{9A19103F-16F7-4668-BE54-9A1E7A4F7556}") = "E13.Sample.Api.Tests", "test\E13.Sample.Api.Tests\E13.Sample.Api.Tests.csproj", "{C3B867F5-5ADB-4041-88A8-8195AC41B4CB}"
EndProject
Project("{9A19103F-16F7-4668-BE54-9A1E7A4F7556}") = "E13.Sample.Logic.Tests", "test\E13.Sample.Logic.Tests\E13.Sample.Logic.Tests.csproj", "{AE4772CB-99AA-4E66-BFFF-33F3103193B8}"
EndProject
Global
	GlobalSection(SolutionConfigurationPlatforms) = preSolution
		Debug|Any CPU = Debug|Any CPU
		Release|Any CPU = Release|Any CPU
	EndGlobalSection
	GlobalSection(ProjectConfigurationPlatforms) = postSolution
		{BC8040AC-1F16-425F-BA9C-97AE85512328}.Debug|Any CPU.ActiveCfg = Debug|Any CPU
		{BC8040AC-1F16-425F-BA9C-97AE85512328}.Debug|Any CPU.Build.0 = Debug|Any CPU
		{BC8040AC-1F16-425F-BA9C-97AE85512328}.Release|Any CPU.ActiveCfg = Release|Any CPU
		{BC8040AC-1F16-425F-BA9C-97AE85512328}.Release|Any CPU.Build.0 = Release|Any CPU
		{87016E6C-09FF-471D-9650-35965679AECE}.Debug|Any CPU.ActiveCfg = Debug|Any CPU
		{87016E6C-09FF-471D-9650-35965679AECE}.Debug|Any CPU.Build.0 = Debug|Any CPU
		{87016E6C-09FF-471D-9650-35965679AECE}.Release|Any CPU.ActiveCfg = Release|Any CPU
		{87016E6C-09FF-471D-9650-35965679AECE}.Release|Any CPU.Build.0 = Release|Any CPU
		{93285F5F-CF1F-4A36-978B-C5ADF0BCEE74}.Debug|Any CPU.ActiveCfg = Debug|Any CPU
		{93285F5F-CF1F-4A36-978B-C5ADF0BCEE74}.Debug|Any CPU.Build.0 = Debug|Any CPU
		{93285F5F-CF1F-4A36-978B-C5ADF0BCEE74}.Release|Any CPU.ActiveCfg = Release|Any CPU
		{93285F5F-CF1F-4A36-978B-C5ADF0BCEE74}.Release|Any CPU.Build.0 = Release|Any CPU
		{F70A21EE-46D7-4AC2-827A-12F856B35E24}.Debug|Any CPU.ActiveCfg = Debug|Any CPU
		{F70A21EE-46D7-4AC2-827A-12F856B35E24}.Debug|Any CPU.Build.0 = Debug|Any CPU
		{F70A21EE-46D7-4AC2-827A-12F856B35E24}.Release|Any CPU.ActiveCfg = Release|Any CPU
		{F70A21EE-46D7-4AC2-827A-12F856B35E24}.Release|Any CPU.Build.0 = Release|Any CPU
		{823D7BFF-5D5B-4BBD-9579-6DD6BDFDE6F6}.Debug|Any CPU.ActiveCfg = Debug|Any CPU
		{823D7BFF-5D5B-4BBD-9579-6DD6BDFDE6F6}.Debug|Any CPU.Build.0 = Debug|Any CPU
		{823D7BFF-5D5B-4BBD-9579-6DD6BDFDE6F6}.Release|Any CPU.ActiveCfg = Release|Any CPU
		{823D7BFF-5D5B-4BBD-9579-6DD6BDFDE6F6}.Release|Any CPU.Build.0 = Release|Any CPU
		{3D20A056-E80E-4C31-831C-ABB4901C6383}.Debug|Any CPU.ActiveCfg = Debug|Any CPU
		{3D20A056-E80E-4C31-831C-ABB4901C6383}.Debug|Any CPU.Build.0 = Debug|Any CPU
		{3D20A056-E80E-4C31-831C-ABB4901C6383}.Release|Any CPU.ActiveCfg = Release|Any CPU
		{3D20A056-E80E-4C31-831C-ABB4901C6383}.Release|Any CPU.Build.0 = Release|Any CPU
		{C3B867F5-5ADB-4041-88A8-8195AC41B4CB}.Debug|Any CPU.ActiveCfg = Debug|Any CPU
		{C3B867F5-5ADB-4041-88A8-8195AC41B4CB}.Debug|Any CPU.Build.0 = Debug|Any CPU
		{C3B867F5-5ADB-4041-88A8-8195AC41B4CB}.Release|Any CPU.ActiveCfg = Release|Any CPU
		{C3B867F5-5ADB-4041-88A8-8195AC41B4CB}.Release|Any CPU.Build.0 = Release|Any CPU
		{AE4772CB-99AA-4E66-BFFF-33F3103193B8}.Debug|Any CPU.ActiveCfg = Debug|Any CPU
		{AE4772CB-99AA-4E66-BFFF-33F3103193B8}.Debug|Any CPU.Build.0 = Debug|Any CPU
		{AE4772CB-99AA-4E66-BFFF-33F3103193B8}.Release|Any CPU.ActiveCfg = Release|Any CPU
		{AE4772CB-99AA-4E66-BFFF-33F3103193B8}.Release|Any CPU.Build.0 = Release|Any CPU
	EndGlobalSection
	GlobalSection(SolutionProperties) = preSolution
		HideSolutionNode = FALSE
	EndGlobalSection
	GlobalSection(NestedProjects) = preSolution
		{87016E6C-09FF-471D-9650-35965679AECE} = {1D087FD8-7362-42E8-91F7-8E760933F2FD}
		{823D7BFF-5D5B-4BBD-9579-6DD6BDFDE6F6} = {1D087FD8-7362-42E8-91F7-8E760933F2FD}
		{C3B867F5-5ADB-4041-88A8-8195AC41B4CB} = {1D087FD8-7362-42E8-91F7-8E760933F2FD}
		{AE4772CB-99AA-4E66-BFFF-33F3103193B8} = {1D087FD8-7362-42E8-91F7-8E760933F2FD}
	EndGlobalSection
	GlobalSection(ExtensibilityGlobals) = postSolution
		SolutionGuid = {79125651-273F-4B51-9F6F-CFD962396CAF}
	EndGlobalSection
EndGlobal
